
Microsoft Visual Studio Solution File, Format Version 12.00
# Visual Studio Version 17
VisualStudioVersion = 17.0.32112.339
MinimumVisualStudioVersion = 10.0.40219.1
Project("{FAE04EC0-301F-11D3-BF4B-00C04F79EFBC}") = "Arcade Game", "Arcade Game\Arcade Game.csproj", "{3BBA576F-7AE6-4FAF-9E0F-BE35BC737E93}"
EndProject
Global
	GlobalSection(SolutionConfigurationPlatforms) = preSolution
		Debug|Any CPU = Debug|Any CPU
		Release|Any CPU = Release|Any CPU
	EndGlobalSection
	GlobalSection(ProjectConfigurationPlatforms) = postSolution
		{3BBA576F-7AE6-4FAF-9E0F-BE35BC737E93}.Debug|Any CPU.ActiveCfg = Debug|Any CPU
		{3BBA576F-7AE6-4FAF-9E0F-BE35BC737E93}.Debug|Any CPU.Build.0 = Debug|Any CPU
		{3BBA576F-7AE6-4FAF-9E0F-BE35BC737E93}.Release|Any CPU.ActiveCfg = Release|Any CPU
		{3BBA576F-7AE6-4FAF-9E0F-BE35BC737E93}.Release|Any CPU.Build.0 = Release|Any CPU
	EndGlobalSection
	GlobalSection(SolutionProperties) = preSolution
		HideSolutionNode = FALSE
	EndGlobalSection
	GlobalSection(ExtensibilityGlobals) = postSolution
		SolutionGuid = {7AC368D0-0AA8-4A6D-9A55-BC729E645B1B}
	EndGlobalSection
EndGlobal
